// !$*UTF8*$!
{
	archiveVersion = 1;
	classes = {
	};
	objectVersion = 46;
	objects = {

/* Begin PBXBuildFile section */
		0B60F6931E121C0500FDA393 /* AppDelegate.swift in Sources */ = {isa = PBXBuildFile; fileRef = 0B60F6921E121C0500FDA393 /* AppDelegate.swift */; };
		0B60F6951E121C0500FDA393 /* ViewController.swift in Sources */ = {isa = PBXBuildFile; fileRef = 0B60F6941E121C0500FDA393 /* ViewController.swift */; };
		0B60F6981E121C0500FDA393 /* Main.storyboard in Resources */ = {isa = PBXBuildFile; fileRef = 0B60F6961E121C0500FDA393 /* Main.storyboard */; };
		0B60F69A1E121C0500FDA393 /* Assets.xcassets in Resources */ = {isa = PBXBuildFile; fileRef = 0B60F6991E121C0500FDA393 /* Assets.xcassets */; };
		0B60F69D1E121C0500FDA393 /* LaunchScreen.storyboard in Resources */ = {isa = PBXBuildFile; fileRef = 0B60F69B1E121C0500FDA393 /* LaunchScreen.storyboard */; };
		0B60F6AB1E121D0700FDA393 /* RealmDemoTests.swift in Sources */ = {isa = PBXBuildFile; fileRef = 0B60F6AA1E121D0700FDA393 /* RealmDemoTests.swift */; };
		B4E0EB66E9DB13325EDE9EB9 /* Pods_RealmDemoTests.framework in Frameworks */ = {isa = PBXBuildFile; fileRef = 60F2DB27D071E86B37C16E7D /* Pods_RealmDemoTests.framework */; };
		CB721AD1926F42A01A7AEE28 /* Pods_RealmDemo.framework in Frameworks */ = {isa = PBXBuildFile; fileRef = 27A8AF5D94AA45BA2C012571 /* Pods_RealmDemo.framework */; };
/* End PBXBuildFile section */

/* Begin PBXContainerItemProxy section */
		0B60F6AD1E121D0700FDA393 /* PBXContainerItemProxy */ = {
			isa = PBXContainerItemProxy;
			containerPortal = 0B60F6871E121C0500FDA393 /* Project object */;
			proxyType = 1;
			remoteGlobalIDString = 0B60F68E1E121C0500FDA393;
			remoteInfo = RealmDemo;
		};
/* End PBXContainerItemProxy section */

/* Begin PBXFileReference section */
		0B60F68F1E121C0500FDA393 /* RealmDemo.app */ = {isa = PBXFileReference; explicitFileType = wrapper.application; includeInIndex = 0; path = RealmDemo.app; sourceTree = BUILT_PRODUCTS_DIR; };
		0B60F6921E121C0500FDA393 /* AppDelegate.swift */ = {isa = PBXFileReference; lastKnownFileType = sourcecode.swift; path = AppDelegate.swift; sourceTree = "<group>"; };
		0B60F6941E121C0500FDA393 /* ViewController.swift */ = {isa = PBXFileReference; lastKnownFileType = sourcecode.swift; path = ViewController.swift; sourceTree = "<group>"; };
		0B60F6971E121C0500FDA393 /* Base */ = {isa = PBXFileReference; lastKnownFileType = file.storyboard; name = Base; path = Base.lproj/Main.storyboard; sourceTree = "<group>"; };
		0B60F6991E121C0500FDA393 /* Assets.xcassets */ = {isa = PBXFileReference; lastKnownFileType = folder.assetcatalog; path = Assets.xcassets; sourceTree = "<group>"; };
		0B60F69C1E121C0500FDA393 /* Base */ = {isa = PBXFileReference; lastKnownFileType = file.storyboard; name = Base; path = Base.lproj/LaunchScreen.storyboard; sourceTree = "<group>"; };
		0B60F69E1E121C0500FDA393 /* Info.plist */ = {isa = PBXFileReference; lastKnownFileType = text.plist.xml; path = Info.plist; sourceTree = "<group>"; };
		0B60F6A81E121D0700FDA393 /* RealmDemoTests.xctest */ = {isa = PBXFileReference; explicitFileType = wrapper.cfbundle; includeInIndex = 0; path = RealmDemoTests.xctest; sourceTree = BUILT_PRODUCTS_DIR; };
		0B60F6AA1E121D0700FDA393 /* RealmDemoTests.swift */ = {isa = PBXFileReference; lastKnownFileType = sourcecode.swift; path = RealmDemoTests.swift; sourceTree = "<group>"; };
		0B60F6AC1E121D0700FDA393 /* Info.plist */ = {isa = PBXFileReference; lastKnownFileType = text.plist.xml; path = Info.plist; sourceTree = "<group>"; };
		0DEB1573D7C870194D17F1C0 /* Pods-RealmDemo.debug.xcconfig */ = {isa = PBXFileReference; includeInIndex = 1; lastKnownFileType = text.xcconfig; name = "Pods-RealmDemo.debug.xcconfig"; path = "Pods/Target Support Files/Pods-RealmDemo/Pods-RealmDemo.debug.xcconfig"; sourceTree = "<group>"; };
		27A8AF5D94AA45BA2C012571 /* Pods_RealmDemo.framework */ = {isa = PBXFileReference; explicitFileType = wrapper.framework; includeInIndex = 0; path = Pods_RealmDemo.framework; sourceTree = BUILT_PRODUCTS_DIR; };
		3F0EDDDE70DA69D146921569 /* Pods-RealmDemoTests.debug.xcconfig */ = {isa = PBXFileReference; includeInIndex = 1; lastKnownFileType = text.xcconfig; name = "Pods-RealmDemoTests.debug.xcconfig"; path = "Pods/Target Support Files/Pods-RealmDemoTests/Pods-RealmDemoTests.debug.xcconfig"; sourceTree = "<group>"; };
		60F2DB27D071E86B37C16E7D /* Pods_RealmDemoTests.framework */ = {isa = PBXFileReference; explicitFileType = wrapper.framework; includeInIndex = 0; path = Pods_RealmDemoTests.framework; sourceTree = BUILT_PRODUCTS_DIR; };
		A17C8951EE79621BA3B2B535 /* Pods-RealmDemo.release.xcconfig */ = {isa = PBXFileReference; includeInIndex = 1; lastKnownFileType = text.xcconfig; name = "Pods-RealmDemo.release.xcconfig"; path = "Pods/Target Support Files/Pods-RealmDemo/Pods-RealmDemo.release.xcconfig"; sourceTree = "<group>"; };
		FA157AD4253700D5BB7FA532 /* Pods-RealmDemoTests.release.xcconfig */ = {isa = PBXFileReference; includeInIndex = 1; lastKnownFileType = text.xcconfig; name = "Pods-RealmDemoTests.release.xcconfig"; path = "Pods/Target Support Files/Pods-RealmDemoTests/Pods-RealmDemoTests.release.xcconfig"; sourceTree = "<group>"; };
/* End PBXFileReference section */

/* Begin PBXFrameworksBuildPhase section */
		0B60F68C1E121C0500FDA393 /* Frameworks */ = {
			isa = PBXFrameworksBuildPhase;
			buildActionMask = 2147483647;
			files = (
				CB721AD1926F42A01A7AEE28 /* Pods_RealmDemo.framework in Frameworks */,
			);
			runOnlyForDeploymentPostprocessing = 0;
		};
		0B60F6A51E121D0700FDA393 /* Frameworks */ = {
			isa = PBXFrameworksBuildPhase;
			buildActionMask = 2147483647;
			files = (
				B4E0EB66E9DB13325EDE9EB9 /* Pods_RealmDemoTests.framework in Frameworks */,
			);
			runOnlyForDeploymentPostprocessing = 0;
		};
/* End PBXFrameworksBuildPhase section */

/* Begin PBXGroup section */
		0B60F6861E121C0500FDA393 = {
			isa = PBXGroup;
			children = (
				0B60F6911E121C0500FDA393 /* RealmDemo */,
				0B60F6A91E121D0700FDA393 /* RealmDemoTests */,
				0B60F6901E121C0500FDA393 /* Products */,
				9E4266B7B2BE17A4F75B26B2 /* Pods */,
				8EC310C6360371E38AF7EC5A /* Frameworks */,
			);
			sourceTree = "<group>";
		};
		0B60F6901E121C0500FDA393 /* Products */ = {
			isa = PBXGroup;
			children = (
				0B60F68F1E121C0500FDA393 /* RealmDemo.app */,
				0B60F6A81E121D0700FDA393 /* RealmDemoTests.xctest */,
			);
			name = Products;
			sourceTree = "<group>";
		};
		0B60F6911E121C0500FDA393 /* RealmDemo */ = {
			isa = PBXGroup;
			children = (
				0B60F6921E121C0500FDA393 /* AppDelegate.swift */,
				0B60F6941E121C0500FDA393 /* ViewController.swift */,
				0B60F6961E121C0500FDA393 /* Main.storyboard */,
				0B60F6991E121C0500FDA393 /* Assets.xcassets */,
				0B60F69B1E121C0500FDA393 /* LaunchScreen.storyboard */,
				0B60F69E1E121C0500FDA393 /* Info.plist */,
			);
			path = RealmDemo;
			sourceTree = "<group>";
		};
		0B60F6A91E121D0700FDA393 /* RealmDemoTests */ = {
			isa = PBXGroup;
			children = (
				0B60F6AA1E121D0700FDA393 /* RealmDemoTests.swift */,
				0B60F6AC1E121D0700FDA393 /* Info.plist */,
			);
			path = RealmDemoTests;
			sourceTree = "<group>";
		};
		8EC310C6360371E38AF7EC5A /* Frameworks */ = {
			isa = PBXGroup;
			children = (
				27A8AF5D94AA45BA2C012571 /* Pods_RealmDemo.framework */,
				60F2DB27D071E86B37C16E7D /* Pods_RealmDemoTests.framework */,
			);
			name = Frameworks;
			sourceTree = "<group>";
		};
		9E4266B7B2BE17A4F75B26B2 /* Pods */ = {
			isa = PBXGroup;
			children = (
				0DEB1573D7C870194D17F1C0 /* Pods-RealmDemo.debug.xcconfig */,
				A17C8951EE79621BA3B2B535 /* Pods-RealmDemo.release.xcconfig */,
				3F0EDDDE70DA69D146921569 /* Pods-RealmDemoTests.debug.xcconfig */,
				FA157AD4253700D5BB7FA532 /* Pods-RealmDemoTests.release.xcconfig */,
			);
			name = Pods;
			sourceTree = "<group>";
		};
/* End PBXGroup section */

/* Begin PBXNativeTarget section */
		0B60F68E1E121C0500FDA393 /* RealmDemo */ = {
			isa = PBXNativeTarget;
			buildConfigurationList = 0B60F6A11E121C0500FDA393 /* Build configuration list for PBXNativeTarget "RealmDemo" */;
			buildPhases = (
				22885F6967D66962817B4F08 /* [CP] Check Pods Manifest.lock */,
				0B60F68B1E121C0500FDA393 /* Sources */,
				0B60F68C1E121C0500FDA393 /* Frameworks */,
				0B60F68D1E121C0500FDA393 /* Resources */,
				4DACC0C44F3673882703F199 /* [CP] Embed Pods Frameworks */,
				310398AF72B22FFB747AA889 /* [CP] Copy Pods Resources */,
			);
			buildRules = (
			);
			dependencies = (
			);
			name = RealmDemo;
			productName = RealmDemo;
			productReference = 0B60F68F1E121C0500FDA393 /* RealmDemo.app */;
			productType = "com.apple.product-type.application";
		};
		0B60F6A71E121D0700FDA393 /* RealmDemoTests */ = {
			isa = PBXNativeTarget;
			buildConfigurationList = 0B60F6B11E121D0700FDA393 /* Build configuration list for PBXNativeTarget "RealmDemoTests" */;
			buildPhases = (
				D3600D254F9E8B964A63226D /* [CP] Check Pods Manifest.lock */,
				0B60F6A41E121D0700FDA393 /* Sources */,
				0B60F6A51E121D0700FDA393 /* Frameworks */,
				0B60F6A61E121D0700FDA393 /* Resources */,
				D7CB67163F90587AF5A22553 /* [CP] Embed Pods Frameworks */,
				AE6907733915701BB3E7CD64 /* [CP] Copy Pods Resources */,
			);
			buildRules = (
			);
			dependencies = (
				0B60F6AE1E121D0700FDA393 /* PBXTargetDependency */,
			);
			name = RealmDemoTests;
			productName = RealmDemoTests;
			productReference = 0B60F6A81E121D0700FDA393 /* RealmDemoTests.xctest */;
			productType = "com.apple.product-type.bundle.unit-test";
		};
/* End PBXNativeTarget section */

/* Begin PBXProject section */
		0B60F6871E121C0500FDA393 /* Project object */ = {
			isa = PBXProject;
			attributes = {
				LastSwiftUpdateCheck = 0820;
				LastUpgradeCheck = 0820;
				ORGANIZATIONNAME = niuniu;
				TargetAttributes = {
					0B60F68E1E121C0500FDA393 = {
						CreatedOnToolsVersion = 8.2;
						ProvisioningStyle = Automatic;
					};
					0B60F6A71E121D0700FDA393 = {
						CreatedOnToolsVersion = 8.2;
						ProvisioningStyle = Automatic;
						TestTargetID = 0B60F68E1E121C0500FDA393;
					};
				};
			};
			buildConfigurationList = 0B60F68A1E121C0500FDA393 /* Build configuration list for PBXProject "RealmDemo" */;
			compatibilityVersion = "Xcode 3.2";
			developmentRegion = English;
			hasScannedForEncodings = 0;
			knownRegions = (
				en,
				Base,
			);
			mainGroup = 0B60F6861E121C0500FDA393;
			productRefGroup = 0B60F6901E121C0500FDA393 /* Products */;
			projectDirPath = "";
			projectRoot = "";
			targets = (
				0B60F68E1E121C0500FDA393 /* RealmDemo */,
				0B60F6A71E121D0700FDA393 /* RealmDemoTests */,
			);
		};
/* End PBXProject section */

/* Begin PBXResourcesBuildPhase section */
		0B60F68D1E121C0500FDA393 /* Resources */ = {
			isa = PBXResourcesBuildPhase;
			buildActionMask = 2147483647;
			files = (
				0B60F69D1E121C0500FDA393 /* LaunchScreen.storyboard in Resources */,
				0B60F69A1E121C0500FDA393 /* Assets.xcassets in Resources */,
				0B60F6981E121C0500FDA393 /* Main.storyboard in Resources */,
			);
			runOnlyForDeploymentPostprocessing = 0;
		};
		0B60F6A61E121D0700FDA393 /* Resources */ = {
			isa = PBXResourcesBuildPhase;
			buildActionMask = 2147483647;
			files = (
			);
			runOnlyForDeploymentPostprocessing = 0;
		};
/* End PBXResourcesBuildPhase section */

/* Begin PBXShellScriptBuildPhase section */
		22885F6967D66962817B4F08 /* [CP] Check Pods Manifest.lock */ = {
			isa = PBXShellScriptBuildPhase;
			buildActionMask = 2147483647;
			files = (
			);
			inputPaths = (
			);
			name = "[CP] Check Pods Manifest.lock";
			outputPaths = (
			);
			runOnlyForDeploymentPostprocessing = 0;
			shellPath = /bin/sh;
			shellScript = "diff \"${PODS_ROOT}/../Podfile.lock\" \"${PODS_ROOT}/Manifest.lock\" > /dev/null\nif [ $? != 0 ] ; then\n    # print error to STDERR\n    echo \"error: The sandbox is not in sync with the Podfile.lock. Run 'pod install' or update your CocoaPods installation.\" >&2\n    exit 1\nfi\n";
			showEnvVarsInLog = 0;
		};
		310398AF72B22FFB747AA889 /* [CP] Copy Pods Resources */ = {
			isa = PBXShellScriptBuildPhase;
			buildActionMask = 2147483647;
			files = (
			);
			inputPaths = (
			);
			name = "[CP] Copy Pods Resources";
			outputPaths = (
			);
			runOnlyForDeploymentPostprocessing = 0;
			shellPath = /bin/sh;
			shellScript = "\"${SRCROOT}/Pods/Target Support Files/Pods-RealmDemo/Pods-RealmDemo-resources.sh\"\n";
			showEnvVarsInLog = 0;
		};
		4DACC0C44F3673882703F199 /* [CP] Embed Pods Frameworks */ = {
			isa = PBXShellScriptBuildPhase;
			buildActionMask = 2147483647;
			files = (
			);
			inputPaths = (
			);
			name = "[CP] Embed Pods Frameworks";
			outputPaths = (
			);
			runOnlyForDeploymentPostprocessing = 0;
			shellPath = /bin/sh;
			shellScript = "\"${SRCROOT}/Pods/Target Support Files/Pods-RealmDemo/Pods-RealmDemo-frameworks.sh\"\n";
			showEnvVarsInLog = 0;
		};
		AE6907733915701BB3E7CD64 /* [CP] Copy Pods Resources */ = {
			isa = PBXShellScriptBuildPhase;
			buildActionMask = 2147483647;
			files = (
			);
			inputPaths = (
			);
			name = "[CP] Copy Pods Resources";
			outputPaths = (
			);
			runOnlyForDeploymentPostprocessing = 0;
			shellPath = /bin/sh;
			shellScript = "\"${SRCROOT}/Pods/Target Support Files/Pods-RealmDemoTests/Pods-RealmDemoTests-resources.sh\"\n";
			showEnvVarsInLog = 0;
		};
		D3600D254F9E8B964A63226D /* [CP] Check Pods Manifest.lock */ = {
			isa = PBXShellScriptBuildPhase;
			buildActionMask = 2147483647;
			files = (
			);
			inputPaths = (
			);
			name = "[CP] Check Pods Manifest.lock";
			outputPaths = (
			);
			runOnlyForDeploymentPostprocessing = 0;
			shellPath = /bin/sh;
			shellScript = "diff \"${PODS_ROOT}/../Podfile.lock\" \"${PODS_ROOT}/Manifest.lock\" > /dev/null\nif [ $? != 0 ] ; then\n    # print error to STDERR\n    echo \"error: The sandbox is not in sync with the Podfile.lock. Run 'pod install' or update your CocoaPods installation.\" >&2\n    exit 1\nfi\n";
			showEnvVarsInLog = 0;
		};
		D7CB67163F90587AF5A22553 /* [CP] Embed Pods Frameworks */ = {
			isa = PBXShellScriptBuildPhase;
			buildActionMask = 2147483647;
			files = (
			);
			inputPaths = (
			);
			name = "[CP] Embed Pods Frameworks";
			outputPaths = (
			);
			runOnlyForDeploymentPostprocessing = 0;
			shellPath = /bin/sh;
			shellScript = "\"${SRCROOT}/Pods/Target Support Files/Pods-RealmDemoTests/Pods-RealmDemoTests-frameworks.sh\"\n";
			showEnvVarsInLog = 0;
		};
/* End PBXShellScriptBuildPhase section */

/* Begin PBXSourcesBuildPhase section */
		0B60F68B1E121C0500FDA393 /* Sources */ = {
			isa = PBXSourcesBuildPhase;
			buildActionMask = 2147483647;
			files = (
				0B60F6951E121C0500FDA393 /* ViewController.swift in Sources */,
				0B60F6931E121C0500FDA393 /* AppDelegate.swift in Sources */,
			);
			runOnlyForDeploymentPostprocessing = 0;
		};
		0B60F6A41E121D0700FDA393 /* Sources */ = {
			isa = PBXSourcesBuildPhase;
			buildActionMask = 2147483647;
			files = (
				0B60F6AB1E121D0700FDA393 /* RealmDemoTests.swift in Sources */,
			);
			runOnlyForDeploymentPostprocessing = 0;
		};
/* End PBXSourcesBuildPhase section */

/* Begin PBXTargetDependency section */
		0B60F6AE1E121D0700FDA393 /* PBXTargetDependency */ = {
			isa = PBXTargetDependency;
			target = 0B60F68E1E121C0500FDA393 /* RealmDemo */;
			targetProxy = 0B60F6AD1E121D0700FDA393 /* PBXContainerItemProxy */;
		};
/* End PBXTargetDependency section */

/* Begin PBXVariantGroup section */
		0B60F6961E121C0500FDA393 /* Main.storyboard */ = {
			isa = PBXVariantGroup;
			children = (
				0B60F6971E121C0500FDA393 /* Base */,
			);
			name = Main.storyboard;
			sourceTree = "<group>";
		};
		0B60F69B1E121C0500FDA393 /* LaunchScreen.storyboard */ = {
			isa = PBXVariantGroup;
			children = (
				0B60F69C1E121C0500FDA393 /* Base */,
			);
			name = LaunchScreen.storyboard;
			sourceTree = "<group>";
		};
/* End PBXVariantGroup section */

/* Begin XCBuildConfiguration section */
		0B60F69F1E121C0500FDA393 /* Debug */ = {
			isa = XCBuildConfiguration;
			buildSettings = {
				ALWAYS_SEARCH_USER_PATHS = NO;
				CLANG_ANALYZER_NONNULL = YES;
				CLANG_CXX_LANGUAGE_STANDARD = "gnu++0x";
				CLANG_CXX_LIBRARY = "libc++";
				CLANG_ENABLE_MODULES = YES;
				CLANG_ENABLE_OBJC_ARC = YES;
				CLANG_WARN_BOOL_CONVERSION = YES;
				CLANG_WARN_CONSTANT_CONVERSION = YES;
				CLANG_WARN_DIRECT_OBJC_ISA_USAGE = YES_ERROR;
				CLANG_WARN_DOCUMENTATION_COMMENTS = YES;
				CLANG_WARN_EMPTY_BODY = YES;
				CLANG_WARN_ENUM_CONVERSION = YES;
				CLANG_WARN_INFINITE_RECURSION = YES;
				CLANG_WARN_INT_CONVERSION = YES;
				CLANG_WARN_OBJC_ROOT_CLASS = YES_ERROR;
				CLANG_WARN_SUSPICIOUS_MOVE = YES;
				CLANG_WARN_UNREACHABLE_CODE = YES;
				CLANG_WARN__DUPLICATE_METHOD_MATCH = YES;
				"CODE_SIGN_IDENTITY[sdk=iphoneos*]" = "iPhone Developer";
				COPY_PHASE_STRIP = NO;
				DEBUG_INFORMATION_FORMAT = dwarf;
				ENABLE_STRICT_OBJC_MSGSEND = YES;
				ENABLE_TESTABILITY = YES;
				GCC_C_LANGUAGE_STANDARD = gnu99;
				GCC_DYNAMIC_NO_PIC = NO;
				GCC_NO_COMMON_BLOCKS = YES;
				GCC_OPTIMIZATION_LEVEL = 0;
				GCC_PREPROCESSOR_DEFINITIONS = (
					"DEBUG=1",
					"$(inherited)",
				);
				GCC_WARN_64_TO_32_BIT_CONVERSION = YES;
				GCC_WARN_ABOUT_RETURN_TYPE = YES_ERROR;
				GCC_WARN_UNDECLARED_SELECTOR = YES;
				GCC_WARN_UNINITIALIZED_AUTOS = YES_AGGRESSIVE;
				GCC_WARN_UNUSED_FUNCTION = YES;
				GCC_WARN_UNUSED_VARIABLE = YES;
				IPHONEOS_DEPLOYMENT_TARGET = 10.2;
				MTL_ENABLE_DEBUG_INFO = YES;
				ONLY_ACTIVE_ARCH = YES;
				SDKROOT = iphoneos;
				SWIFT_ACTIVE_COMPILATION_CONDITIONS = DEBUG;
				SWIFT_OPTIMIZATION_LEVEL = "-Onone";
				TARGETED_DEVICE_FAMILY = "1,2";
			};
			name = Debug;
		};
		0B60F6A01E121C0500FDA393 /* Release */ = {
			isa = XCBuildConfiguration;
			buildSettings = {
				ALWAYS_SEARCH_USER_PATHS = NO;
				CLANG_ANALYZER_NONNULL = YES;
				CLANG_CXX_LANGUAGE_STANDARD = "gnu++0x";
				CLANG_CXX_LIBRARY = "libc++";
				CLANG_ENABLE_MODULES = YES;
				CLANG_ENABLE_OBJC_ARC = YES;
				CLANG_WARN_BOOL_CONVERSION = YES;
				CLANG_WARN_CONSTANT_CONVERSION = YES;
				CLANG_WARN_DIRECT_OBJC_ISA_USAGE = YES_ERROR;
				CLANG_WARN_DOCUMENTATION_COMMENTS = YES;
				CLANG_WARN_EMPTY_BODY = YES;
				CLANG_WARN_ENUM_CONVERSION = YES;
				CLANG_WARN_INFINITE_RECURSION = YES;
				CLANG_WARN_INT_CONVERSION = YES;
				CLANG_WARN_OBJC_ROOT_CLASS = YES_ERROR;
				CLANG_WARN_SUSPICIOUS_MOVE = YES;
				CLANG_WARN_UNREACHABLE_CODE = YES;
				CLANG_WARN__DUPLICATE_METHOD_MATCH = YES;
				"CODE_SIGN_IDENTITY[sdk=iphoneos*]" = "iPhone Developer";
				COPY_PHASE_STRIP = NO;
				DEBUG_INFORMATION_FORMAT = "dwarf-with-dsym";
				ENABLE_NS_ASSERTIONS = NO;
				ENABLE_STRICT_OBJC_MSGSEND = YES;
				GCC_C_LANGUAGE_STANDARD = gnu99;
				GCC_NO_COMMON_BLOCKS = YES;
				GCC_WARN_64_TO_32_BIT_CONVERSION = YES;
				GCC_WARN_ABOUT_RETURN_TYPE = YES_ERROR;
				GCC_WARN_UNDECLARED_SELECTOR = YES;
				GCC_WARN_UNINITIALIZED_AUTOS = YES_AGGRESSIVE;
				GCC_WARN_UNUSED_FUNCTION = YES;
				GCC_WARN_UNUSED_VARIABLE = YES;
				IPHONEOS_DEPLOYMENT_TARGET = 10.2;
				MTL_ENABLE_DEBUG_INFO = NO;
				SDKROOT = iphoneos;
				SWIFT_OPTIMIZATION_LEVEL = "-Owholemodule";
				TARGETED_DEVICE_FAMILY = "1,2";
				VALIDATE_PRODUCT = YES;
			};
			name = Release;
		};
		0B60F6A21E121C0500FDA393 /* Debug */ = {
			isa = XCBuildConfiguration;
			baseConfigurationReference = 0DEB1573D7C870194D17F1C0 /* Pods-RealmDemo.debug.xcconfig */;
			buildSettings = {
				ASSETCATALOG_COMPILER_APPICON_NAME = AppIcon;
				INFOPLIST_FILE = RealmDemo/Info.plist;
				LD_RUNPATH_SEARCH_PATHS = "$(inherited) @executable_path/Frameworks";
				PRODUCT_BUNDLE_IDENTIFIER = com.niuniu.RealmDemo;
				PRODUCT_NAME = "$(TARGET_NAME)";
				SWIFT_VERSION = 3.0;
			};
			name = Debug;
		};
		0B60F6A31E121C0500FDA393 /* Release */ = {
			isa = XCBuildConfiguration;
			baseConfigurationReference = A17C8951EE79621BA3B2B535 /* Pods-RealmDemo.release.xcconfig */;
			buildSettings = {
				ASSETCATALOG_COMPILER_APPICON_NAME = AppIcon;
				INFOPLIST_FILE = RealmDemo/Info.plist;
				LD_RUNPATH_SEARCH_PATHS = "$(inherited) @executable_path/Frameworks";
				PRODUCT_BUNDLE_IDENTIFIER = com.niuniu.RealmDemo;
				PRODUCT_NAME = "$(TARGET_NAME)";
				SWIFT_VERSION = 3.0;
			};
			name = Release;
		};
		0B60F6AF1E121D0700FDA393 /* Debug */ = {
			isa = XCBuildConfiguration;
			baseConfigurationReference = 3F0EDDDE70DA69D146921569 /* Pods-RealmDemoTests.debug.xcconfig */;
			buildSettings = {
				BUNDLE_LOADER = "$(TEST_HOST)";
				INFOPLIST_FILE = RealmDemoTests/Info.plist;
				LD_RUNPATH_SEARCH_PATHS = "$(inherited) @executable_path/Frameworks @loader_path/Frameworks";
				PRODUCT_BUNDLE_IDENTIFIER = com.niuniu.RealmDemoTests;
				PRODUCT_NAME = "$(TARGET_NAME)";
				SWIFT_VERSION = 3.0;
				TEST_HOST = "$(BUILT_PRODUCTS_DIR)/RealmDemo.app/RealmDemo";
			};
			name = Debug;
		};
		0B60F6B01E121D0700FDA393 /* Release */ = {
			isa = XCBuildConfiguration;
			baseConfigurationReference = FA157AD4253700D5BB7FA532 /* Pods-RealmDemoTests.release.xcconfig */;
			buildSettings = {
				BUNDLE_LOADER = "$(TEST_HOST)";
				INFOPLIST_FILE = RealmDemoTests/Info.plist;
				LD_RUNPATH_SEARCH_PATHS = "$(inherited) @executable_path/Frameworks @loader_path/Frameworks";
				PRODUCT_BUNDLE_IDENTIFIER = com.niuniu.RealmDemoTests;
				PRODUCT_NAME = "$(TARGET_NAME)";
				SWIFT_VERSION = 3.0;
				TEST_HOST = "$(BUILT_PRODUCTS_DIR)/RealmDemo.app/RealmDemo";
			};
			name = Release;
		};
/* End XCBuildConfiguration section */

/* Begin XCConfigurationList section */
		0B60F68A1E121C0500FDA393 /* Build configuration list for PBXProject "RealmDemo" */ = {
			isa = XCConfigurationList;
			buildConfigurations = (
				0B60F69F1E121C0500FDA393 /* Debug */,
				0B60F6A01E121C0500FDA393 /* Release */,
			);
			defaultConfigurationIsVisible = 0;
			defaultConfigurationName = Release;
		};
		0B60F6A11E121C0500FDA393 /* Build configuration list for PBXNativeTarget "RealmDemo" */ = {
			isa = XCConfigurationList;
			buildConfigurations = (
				0B60F6A21E121C0500FDA393 /* Debug */,
				0B60F6A31E121C0500FDA393 /* Release */,
			);
			defaultConfigurationIsVisible = 0;
			defaultConfigurationName = Release;
		};
		0B60F6B11E121D0700FDA393 /* Build configuration list for PBXNativeTarget "RealmDemoTests" */ = {
			isa = XCConfigurationList;
			buildConfigurations = (
				0B60F6AF1E121D0700FDA393 /* Debug */,
				0B60F6B01E121D0700FDA393 /* Release */,
			);
			defaultConfigurationIsVisible = 0;
		};
/* End XCConfigurationList section */
	};
	rootObject = 0B60F6871E121C0500FDA393 /* Project object */;
}
