// !$*UTF8*$!
{
	archiveVersion = 1;
	classes = {
	};
	objectVersion = 46;
	objects = {

/* Begin PBXBuildFile section */
		0BCFA73A1DA8DB3E00AB6944 /* main.m in Sources */ = {isa = PBXBuildFile; fileRef = 0BCFA7391DA8DB3E00AB6944 /* main.m */; };
		0BCFA7421DA8DB5900AB6944 /* RTest.m in Sources */ = {isa = PBXBuildFile; fileRef = 0BCFA7411DA8DB5900AB6944 /* RTest.m */; };
/* End PBXBuildFile section */

/* Begin PBXCopyFilesBuildPhase section */
		0BCFA7341DA8DB3E00AB6944 /* CopyFiles */ = {
			isa = PBXCopyFilesBuildPhase;
			buildActionMask = 2147483647;
			dstPath = /usr/share/man/man1/;
			dstSubfolderSpec = 0;
			files = (
			);
			runOnlyForDeploymentPostprocessing = 1;
		};
/* End PBXCopyFilesBuildPhase section */

/* Begin PBXFileReference section */
		0BCFA7361DA8DB3E00AB6944 /* runtime */ = {isa = PBXFileReference; explicitFileType = "compiled.mach-o.executable"; includeInIndex = 0; path = runtime; sourceTree = BUILT_PRODUCTS_DIR; };
		0BCFA7391DA8DB3E00AB6944 /* main.m */ = {isa = PBXFileReference; lastKnownFileType = sourcecode.c.objc; path = main.m; sourceTree = "<group>"; };
		0BCFA7401DA8DB5900AB6944 /* RTest.h */ = {isa = PBXFileReference; fileEncoding = 4; lastKnownFileType = sourcecode.c.h; path = RTest.h; sourceTree = "<group>"; };
		0BCFA7411DA8DB5900AB6944 /* RTest.m */ = {isa = PBXFileReference; fileEncoding = 4; lastKnownFileType = sourcecode.c.objc; path = RTest.m; sourceTree = "<group>"; };
/* End PBXFileReference section */

/* Begin PBXFrameworksBuildPhase section */
		0BCFA7331DA8DB3E00AB6944 /* Frameworks */ = {
			isa = PBXFrameworksBuildPhase;
			buildActionMask = 2147483647;
			files = (
			);
			runOnlyForDeploymentPostprocessing = 0;
		};
/* End PBXFrameworksBuildPhase section */

/* Begin PBXGroup section */
		0BCFA72D1DA8DB3E00AB6944 = {
			isa = PBXGroup;
			children = (
				0BCFA7381DA8DB3E00AB6944 /* runtime */,
				0BCFA7371DA8DB3E00AB6944 /* Products */,
			);
			sourceTree = "<group>";
		};
		0BCFA7371DA8DB3E00AB6944 /* Products */ = {
			isa = PBXGroup;
			children = (
				0BCFA7361DA8DB3E00AB6944 /* runtime */,
			);
			name = Products;
			sourceTree = "<group>";
		};
		0BCFA7381DA8DB3E00AB6944 /* runtime */ = {
			isa = PBXGroup;
			children = (
				0BCFA7391DA8DB3E00AB6944 /* main.m */,
				0BCFA7401DA8DB5900AB6944 /* RTest.h */,
				0BCFA7411DA8DB5900AB6944 /* RTest.m */,
			);
			path = runtime;
			sourceTree = "<group>";
		};
/* End PBXGroup section */

/* Begin PBXNativeTarget section */
		0BCFA7351DA8DB3E00AB6944 /* runtime */ = {
			isa = PBXNativeTarget;
			buildConfigurationList = 0BCFA73D1DA8DB3E00AB6944 /* Build configuration list for PBXNativeTarget "runtime" */;
			buildPhases = (
				0BCFA7321DA8DB3E00AB6944 /* Sources */,
				0BCFA7331DA8DB3E00AB6944 /* Frameworks */,
				0BCFA7341DA8DB3E00AB6944 /* CopyFiles */,
			);
			buildRules = (
			);
			dependencies = (
			);
			name = runtime;
			productName = runtime;
			productReference = 0BCFA7361DA8DB3E00AB6944 /* runtime */;
			productType = "com.apple.product-type.tool";
		};
/* End PBXNativeTarget section */

/* Begin PBXProject section */
		0BCFA72E1DA8DB3E00AB6944 /* Project object */ = {
			isa = PBXProject;
			attributes = {
				LastUpgradeCheck = 0800;
				ORGANIZATIONNAME = niuniu;
				TargetAttributes = {
					0BCFA7351DA8DB3E00AB6944 = {
						CreatedOnToolsVersion = 8.0;
						ProvisioningStyle = Automatic;
					};
				};
			};
			buildConfigurationList = 0BCFA7311DA8DB3E00AB6944 /* Build configuration list for PBXProject "runtime" */;
			compatibilityVersion = "Xcode 3.2";
			developmentRegion = English;
			hasScannedForEncodings = 0;
			knownRegions = (
				en,
			);
			mainGroup = 0BCFA72D1DA8DB3E00AB6944;
			productRefGroup = 0BCFA7371DA8DB3E00AB6944 /* Products */;
			projectDirPath = "";
			projectRoot = "";
			targets = (
				0BCFA7351DA8DB3E00AB6944 /* runtime */,
			);
		};
/* End PBXProject section */

/* Begin PBXSourcesBuildPhase section */
		0BCFA7321DA8DB3E00AB6944 /* Sources */ = {
			isa = PBXSourcesBuildPhase;
			buildActionMask = 2147483647;
			files = (
				0BCFA7421DA8DB5900AB6944 /* RTest.m in Sources */,
				0BCFA73A1DA8DB3E00AB6944 /* main.m in Sources */,
			);
			runOnlyForDeploymentPostprocessing = 0;
		};
/* End PBXSourcesBuildPhase section */

/* Begin XCBuildConfiguration section */
		0BCFA73B1DA8DB3E00AB6944 /* Debug */ = {
			isa = XCBuildConfiguration;
			buildSettings = {
				ALWAYS_SEARCH_USER_PATHS = NO;
				CLANG_ANALYZER_NONNULL = YES;
				CLANG_CXX_LANGUAGE_STANDARD = "gnu++0x";
				CLANG_CXX_LIBRARY = "libc++";
				CLANG_ENABLE_MODULES = YES;
				CLANG_ENABLE_OBJC_ARC = YES;
				CLANG_WARN_BOOL_CONVERSION = YES;
				CLANG_WARN_CONSTANT_CONVERSION = YES;
				CLANG_WARN_DIRECT_OBJC_ISA_USAGE = YES_ERROR;
				CLANG_WARN_DOCUMENTATION_COMMENTS = YES;
				CLANG_WARN_EMPTY_BODY = YES;
				CLANG_WARN_ENUM_CONVERSION = YES;
				CLANG_WARN_INFINITE_RECURSION = YES;
				CLANG_WARN_INT_CONVERSION = YES;
				CLANG_WARN_OBJC_ROOT_CLASS = YES_ERROR;
				CLANG_WARN_SUSPICIOUS_MOVES = YES;
				CLANG_WARN_UNREACHABLE_CODE = YES;
				CLANG_WARN__DUPLICATE_METHOD_MATCH = YES;
				CODE_SIGN_IDENTITY = "-";
				COPY_PHASE_STRIP = NO;
				DEBUG_INFORMATION_FORMAT = dwarf;
				ENABLE_STRICT_OBJC_MSGSEND = YES;
				ENABLE_TESTABILITY = YES;
				GCC_C_LANGUAGE_STANDARD = gnu99;
				GCC_DYNAMIC_NO_PIC = NO;
				GCC_NO_COMMON_BLOCKS = YES;
				GCC_OPTIMIZATION_LEVEL = 0;
				GCC_PREPROCESSOR_DEFINITIONS = (
					"DEBUG=1",
					"$(inherited)",
				);
				GCC_WARN_64_TO_32_BIT_CONVERSION = YES;
				GCC_WARN_ABOUT_RETURN_TYPE = YES_ERROR;
				GCC_WARN_UNDECLARED_SELECTOR = YES;
				GCC_WARN_UNINITIALIZED_AUTOS = YES_AGGRESSIVE;
				GCC_WARN_UNUSED_FUNCTION = YES;
				GCC_WARN_UNUSED_VARIABLE = YES;
				MACOSX_DEPLOYMENT_TARGET = 10.11;
				MTL_ENABLE_DEBUG_INFO = YES;
				ONLY_ACTIVE_ARCH = YES;
				SDKROOT = macosx;
			};
			name = Debug;
		};
		0BCFA73C1DA8DB3E00AB6944 /* Release */ = {
			isa = XCBuildConfiguration;
			buildSettings = {
				ALWAYS_SEARCH_USER_PATHS = NO;
				CLANG_ANALYZER_NONNULL = YES;
				CLANG_CXX_LANGUAGE_STANDARD = "gnu++0x";
				CLANG_CXX_LIBRARY = "libc++";
				CLANG_ENABLE_MODULES = YES;
				CLANG_ENABLE_OBJC_ARC = YES;
				CLANG_WARN_BOOL_CONVERSION = YES;
				CLANG_WARN_CONSTANT_CONVERSION = YES;
				CLANG_WARN_DIRECT_OBJC_ISA_USAGE = YES_ERROR;
				CLANG_WARN_DOCUMENTATION_COMMENTS = YES;
				CLANG_WARN_EMPTY_BODY = YES;
				CLANG_WARN_ENUM_CONVERSION = YES;
				CLANG_WARN_INFINITE_RECURSION = YES;
				CLANG_WARN_INT_CONVERSION = YES;
				CLANG_WARN_OBJC_ROOT_CLASS = YES_ERROR;
				CLANG_WARN_SUSPICIOUS_MOVES = YES;
				CLANG_WARN_UNREACHABLE_CODE = YES;
				CLANG_WARN__DUPLICATE_METHOD_MATCH = YES;
				CODE_SIGN_IDENTITY = "-";
				COPY_PHASE_STRIP = NO;
				DEBUG_INFORMATION_FORMAT = "dwarf-with-dsym";
				ENABLE_NS_ASSERTIONS = NO;
				ENABLE_STRICT_OBJC_MSGSEND = YES;
				GCC_C_LANGUAGE_STANDARD = gnu99;
				GCC_NO_COMMON_BLOCKS = YES;
				GCC_WARN_64_TO_32_BIT_CONVERSION = YES;
				GCC_WARN_ABOUT_RETURN_TYPE = YES_ERROR;
				GCC_WARN_UNDECLARED_SELECTOR = YES;
				GCC_WARN_UNINITIALIZED_AUTOS = YES_AGGRESSIVE;
				GCC_WARN_UNUSED_FUNCTION = YES;
				GCC_WARN_UNUSED_VARIABLE = YES;
				MACOSX_DEPLOYMENT_TARGET = 10.11;
				MTL_ENABLE_DEBUG_INFO = NO;
				SDKROOT = macosx;
			};
			name = Release;
		};
		0BCFA73E1DA8DB3E00AB6944 /* Debug */ = {
			isa = XCBuildConfiguration;
			buildSettings = {
				PRODUCT_NAME = "$(TARGET_NAME)";
			};
			name = Debug;
		};
		0BCFA73F1DA8DB3E00AB6944 /* Release */ = {
			isa = XCBuildConfiguration;
			buildSettings = {
				PRODUCT_NAME = "$(TARGET_NAME)";
			};
			name = Release;
		};
/* End XCBuildConfiguration section */

/* Begin XCConfigurationList section */
		0BCFA7311DA8DB3E00AB6944 /* Build configuration list for PBXProject "runtime" */ = {
			isa = XCConfigurationList;
			buildConfigurations = (
				0BCFA73B1DA8DB3E00AB6944 /* Debug */,
				0BCFA73C1DA8DB3E00AB6944 /* Release */,
			);
			defaultConfigurationIsVisible = 0;
			defaultConfigurationName = Release;
		};
		0BCFA73D1DA8DB3E00AB6944 /* Build configuration list for PBXNativeTarget "runtime" */ = {
			isa = XCConfigurationList;
			buildConfigurations = (
				0BCFA73E1DA8DB3E00AB6944 /* Debug */,
				0BCFA73F1DA8DB3E00AB6944 /* Release */,
			);
			defaultConfigurationIsVisible = 0;
		};
/* End XCConfigurationList section */
	};
	rootObject = 0BCFA72E1DA8DB3E00AB6944 /* Project object */;
}
